
Microsoft Visual Studio Solution File, Format Version 12.00
# Visual Studio 15
VisualStudioVersion = 15.0.27130.2010
MinimumVisualStudioVersion = 10.0.40219.1
Project("{FAE04EC0-301F-11D3-BF4B-00C04F79EFBC}") = "PBBGWebApp", "PBBGWebApp\PBBGWebApp.csproj", "{64E292D8-B99A-4281-9894-61B0CB1A1E34}"
EndProject
Global
	GlobalSection(SolutionConfigurationPlatforms) = preSolution
		Debug|Any CPU = Debug|Any CPU
		Release|Any CPU = Release|Any CPU
	EndGlobalSection
	GlobalSection(ProjectConfigurationPlatforms) = postSolution
		{64E292D8-B99A-4281-9894-61B0CB1A1E34}.Debug|Any CPU.ActiveCfg = Debug|Any CPU
		{64E292D8-B99A-4281-9894-61B0CB1A1E34}.Debug|Any CPU.Build.0 = Debug|Any CPU
		{64E292D8-B99A-4281-9894-61B0CB1A1E34}.Release|Any CPU.ActiveCfg = Release|Any CPU
		{64E292D8-B99A-4281-9894-61B0CB1A1E34}.Release|Any CPU.Build.0 = Release|Any CPU
	EndGlobalSection
	GlobalSection(SolutionProperties) = preSolution
		HideSolutionNode = FALSE
	EndGlobalSection
	GlobalSection(ExtensibilityGlobals) = postSolution
		SolutionGuid = {99AA50FF-94DF-43C3-9B73-1E305AB1D4FD}
	EndGlobalSection
EndGlobal
